// !$*UTF8*$!
{
	archiveVersion = 1;
	classes = {
	};
	objectVersion = 46;
	objects = {

/* Begin PBXBuildFile section */
		456F68F71975C56300BC9DD8 /* AppDelegate.swift in Sources */ = {isa = PBXBuildFile; fileRef = 456F68F61975C56300BC9DD8 /* AppDelegate.swift */; };
		456F68F91975C56300BC9DD8 /* GameScene.sks in Resources */ = {isa = PBXBuildFile; fileRef = 456F68F81975C56300BC9DD8 /* GameScene.sks */; };
		456F68FB1975C56300BC9DD8 /* GameScene.swift in Sources */ = {isa = PBXBuildFile; fileRef = 456F68FA1975C56300BC9DD8 /* GameScene.swift */; };
		456F68FD1975C56300BC9DD8 /* GameViewController.swift in Sources */ = {isa = PBXBuildFile; fileRef = 456F68FC1975C56300BC9DD8 /* GameViewController.swift */; };
		456F69001975C56300BC9DD8 /* Main.storyboard in Resources */ = {isa = PBXBuildFile; fileRef = 456F68FE1975C56300BC9DD8 /* Main.storyboard */; };
		456F69021975C56300BC9DD8 /* Images.xcassets in Resources */ = {isa = PBXBuildFile; fileRef = 456F69011975C56300BC9DD8 /* Images.xcassets */; };
		456F690E1975C56300BC9DD8 /* CandyCrushTests.swift in Sources */ = {isa = PBXBuildFile; fileRef = 456F690D1975C56300BC9DD8 /* CandyCrushTests.swift */; };
		456F69181975D15200BC9DD8 /* Sprites.atlas in Resources */ = {isa = PBXBuildFile; fileRef = 456F69171975D15200BC9DD8 /* Sprites.atlas */; };
/* End PBXBuildFile section */

/* Begin PBXContainerItemProxy section */
		456F69081975C56300BC9DD8 /* PBXContainerItemProxy */ = {
			isa = PBXContainerItemProxy;
			containerPortal = 456F68E91975C56200BC9DD8 /* Project object */;
			proxyType = 1;
			remoteGlobalIDString = 456F68F01975C56300BC9DD8;
			remoteInfo = CandyCrush;
		};
/* End PBXContainerItemProxy section */

/* Begin PBXFileReference section */
		456F68F11975C56300BC9DD8 /* CandyCrush.app */ = {isa = PBXFileReference; explicitFileType = wrapper.application; includeInIndex = 0; path = CandyCrush.app; sourceTree = BUILT_PRODUCTS_DIR; };
		456F68F51975C56300BC9DD8 /* Info.plist */ = {isa = PBXFileReference; lastKnownFileType = text.plist.xml; path = Info.plist; sourceTree = "<group>"; };
		456F68F61975C56300BC9DD8 /* AppDelegate.swift */ = {isa = PBXFileReference; lastKnownFileType = sourcecode.swift; path = AppDelegate.swift; sourceTree = "<group>"; };
		456F68F81975C56300BC9DD8 /* GameScene.sks */ = {isa = PBXFileReference; lastKnownFileType = file.sks; path = GameScene.sks; sourceTree = "<group>"; };
		456F68FA1975C56300BC9DD8 /* GameScene.swift */ = {isa = PBXFileReference; lastKnownFileType = sourcecode.swift; path = GameScene.swift; sourceTree = "<group>"; };
		456F68FC1975C56300BC9DD8 /* GameViewController.swift */ = {isa = PBXFileReference; lastKnownFileType = sourcecode.swift; path = GameViewController.swift; sourceTree = "<group>"; };
		456F68FF1975C56300BC9DD8 /* Base */ = {isa = PBXFileReference; lastKnownFileType = file.storyboard; name = Base; path = Base.lproj/Main.storyboard; sourceTree = "<group>"; };
		456F69011975C56300BC9DD8 /* Images.xcassets */ = {isa = PBXFileReference; lastKnownFileType = folder.assetcatalog; path = Images.xcassets; sourceTree = "<group>"; };
		456F69071975C56300BC9DD8 /* CandyCrushTests.xctest */ = {isa = PBXFileReference; explicitFileType = wrapper.cfbundle; includeInIndex = 0; path = CandyCrushTests.xctest; sourceTree = BUILT_PRODUCTS_DIR; };
		456F690C1975C56300BC9DD8 /* Info.plist */ = {isa = PBXFileReference; lastKnownFileType = text.plist.xml; path = Info.plist; sourceTree = "<group>"; };
		456F690D1975C56300BC9DD8 /* CandyCrushTests.swift */ = {isa = PBXFileReference; lastKnownFileType = sourcecode.swift; path = CandyCrushTests.swift; sourceTree = "<group>"; };
		456F69171975D15200BC9DD8 /* Sprites.atlas */ = {isa = PBXFileReference; lastKnownFileType = folder.skatlas; path = Sprites.atlas; sourceTree = "<group>"; };
/* End PBXFileReference section */

/* Begin PBXFrameworksBuildPhase section */
		456F68EE1975C56300BC9DD8 /* Frameworks */ = {
			isa = PBXFrameworksBuildPhase;
			buildActionMask = 2147483647;
			files = (
			);
			runOnlyForDeploymentPostprocessing = 0;
		};
		456F69041975C56300BC9DD8 /* Frameworks */ = {
			isa = PBXFrameworksBuildPhase;
			buildActionMask = 2147483647;
			files = (
			);
			runOnlyForDeploymentPostprocessing = 0;
		};
/* End PBXFrameworksBuildPhase section */

/* Begin PBXGroup section */
		456F68E81975C56200BC9DD8 = {
			isa = PBXGroup;
			children = (
				456F68F31975C56300BC9DD8 /* CandyCrush */,
				456F690A1975C56300BC9DD8 /* CandyCrushTests */,
				456F68F21975C56300BC9DD8 /* Products */,
			);
			sourceTree = "<group>";
		};
		456F68F21975C56300BC9DD8 /* Products */ = {
			isa = PBXGroup;
			children = (
				456F68F11975C56300BC9DD8 /* CandyCrush.app */,
				456F69071975C56300BC9DD8 /* CandyCrushTests.xctest */,
			);
			name = Products;
			sourceTree = "<group>";
		};
		456F68F31975C56300BC9DD8 /* CandyCrush */ = {
			isa = PBXGroup;
			children = (
				456F68F61975C56300BC9DD8 /* AppDelegate.swift */,
				456F68F81975C56300BC9DD8 /* GameScene.sks */,
				456F68FA1975C56300BC9DD8 /* GameScene.swift */,
				456F69171975D15200BC9DD8 /* Sprites.atlas */,
				456F68FC1975C56300BC9DD8 /* GameViewController.swift */,
				456F68FE1975C56300BC9DD8 /* Main.storyboard */,
				456F69011975C56300BC9DD8 /* Images.xcassets */,
				456F68F41975C56300BC9DD8 /* Supporting Files */,
			);
			path = CandyCrush;
			sourceTree = "<group>";
		};
		456F68F41975C56300BC9DD8 /* Supporting Files */ = {
			isa = PBXGroup;
			children = (
				456F68F51975C56300BC9DD8 /* Info.plist */,
			);
			name = "Supporting Files";
			sourceTree = "<group>";
		};
		456F690A1975C56300BC9DD8 /* CandyCrushTests */ = {
			isa = PBXGroup;
			children = (
				456F690D1975C56300BC9DD8 /* CandyCrushTests.swift */,
				456F690B1975C56300BC9DD8 /* Supporting Files */,
			);
			path = CandyCrushTests;
			sourceTree = "<group>";
		};
		456F690B1975C56300BC9DD8 /* Supporting Files */ = {
			isa = PBXGroup;
			children = (
				456F690C1975C56300BC9DD8 /* Info.plist */,
			);
			name = "Supporting Files";
			sourceTree = "<group>";
		};
/* End PBXGroup section */

/* Begin PBXNativeTarget section */
		456F68F01975C56300BC9DD8 /* CandyCrush */ = {
			isa = PBXNativeTarget;
			buildConfigurationList = 456F69111975C56300BC9DD8 /* Build configuration list for PBXNativeTarget "CandyCrush" */;
			buildPhases = (
				456F68ED1975C56300BC9DD8 /* Sources */,
				456F68EE1975C56300BC9DD8 /* Frameworks */,
				456F68EF1975C56300BC9DD8 /* Resources */,
			);
			buildRules = (
			);
			dependencies = (
			);
			name = CandyCrush;
			productName = CandyCrush;
			productReference = 456F68F11975C56300BC9DD8 /* CandyCrush.app */;
			productType = "com.apple.product-type.application";
		};
		456F69061975C56300BC9DD8 /* CandyCrushTests */ = {
			isa = PBXNativeTarget;
			buildConfigurationList = 456F69141975C56300BC9DD8 /* Build configuration list for PBXNativeTarget "CandyCrushTests" */;
			buildPhases = (
				456F69031975C56300BC9DD8 /* Sources */,
				456F69041975C56300BC9DD8 /* Frameworks */,
				456F69051975C56300BC9DD8 /* Resources */,
			);
			buildRules = (
			);
			dependencies = (
				456F69091975C56300BC9DD8 /* PBXTargetDependency */,
			);
			name = CandyCrushTests;
			productName = CandyCrushTests;
			productReference = 456F69071975C56300BC9DD8 /* CandyCrushTests.xctest */;
			productType = "com.apple.product-type.bundle.unit-test";
		};
/* End PBXNativeTarget section */

/* Begin PBXProject section */
		456F68E91975C56200BC9DD8 /* Project object */ = {
			isa = PBXProject;
			attributes = {
				LastUpgradeCheck = 0600;
				ORGANIZATIONNAME = edu.jhu.cs.xiaoping;
				TargetAttributes = {
					456F68F01975C56300BC9DD8 = {
						CreatedOnToolsVersion = 6.0;
					};
					456F69061975C56300BC9DD8 = {
						CreatedOnToolsVersion = 6.0;
						TestTargetID = 456F68F01975C56300BC9DD8;
					};
				};
			};
			buildConfigurationList = 456F68EC1975C56200BC9DD8 /* Build configuration list for PBXProject "CandyCrush" */;
			compatibilityVersion = "Xcode 3.2";
			developmentRegion = English;
			hasScannedForEncodings = 0;
			knownRegions = (
				en,
				Base,
			);
			mainGroup = 456F68E81975C56200BC9DD8;
			productRefGroup = 456F68F21975C56300BC9DD8 /* Products */;
			projectDirPath = "";
			projectRoot = "";
			targets = (
				456F68F01975C56300BC9DD8 /* CandyCrush */,
				456F69061975C56300BC9DD8 /* CandyCrushTests */,
			);
		};
/* End PBXProject section */

/* Begin PBXResourcesBuildPhase section */
		456F68EF1975C56300BC9DD8 /* Resources */ = {
			isa = PBXResourcesBuildPhase;
			buildActionMask = 2147483647;
			files = (
				456F69021975C56300BC9DD8 /* Images.xcassets in Resources */,
				456F68F91975C56300BC9DD8 /* GameScene.sks in Resources */,
				456F69181975D15200BC9DD8 /* Sprites.atlas in Resources */,
				456F69001975C56300BC9DD8 /* Main.storyboard in Resources */,
			);
			runOnlyForDeploymentPostprocessing = 0;
		};
		456F69051975C56300BC9DD8 /* Resources */ = {
			isa = PBXResourcesBuildPhase;
			buildActionMask = 2147483647;
			files = (
			);
			runOnlyForDeploymentPostprocessing = 0;
		};
/* End PBXResourcesBuildPhase section */

/* Begin PBXSourcesBuildPhase section */
		456F68ED1975C56300BC9DD8 /* Sources */ = {
			isa = PBXSourcesBuildPhase;
			buildActionMask = 2147483647;
			files = (
				456F68FB1975C56300BC9DD8 /* GameScene.swift in Sources */,
				456F68FD1975C56300BC9DD8 /* GameViewController.swift in Sources */,
				456F68F71975C56300BC9DD8 /* AppDelegate.swift in Sources */,
			);
			runOnlyForDeploymentPostprocessing = 0;
		};
		456F69031975C56300BC9DD8 /* Sources */ = {
			isa = PBXSourcesBuildPhase;
			buildActionMask = 2147483647;
			files = (
				456F690E1975C56300BC9DD8 /* CandyCrushTests.swift in Sources */,
			);
			runOnlyForDeploymentPostprocessing = 0;
		};
/* End PBXSourcesBuildPhase section */

/* Begin PBXTargetDependency section */
		456F69091975C56300BC9DD8 /* PBXTargetDependency */ = {
			isa = PBXTargetDependency;
			target = 456F68F01975C56300BC9DD8 /* CandyCrush */;
			targetProxy = 456F69081975C56300BC9DD8 /* PBXContainerItemProxy */;
		};
/* End PBXTargetDependency section */

/* Begin PBXVariantGroup section */
		456F68FE1975C56300BC9DD8 /* Main.storyboard */ = {
			isa = PBXVariantGroup;
			children = (
				456F68FF1975C56300BC9DD8 /* Base */,
			);
			name = Main.storyboard;
			sourceTree = "<group>";
		};
/* End PBXVariantGroup section */

/* Begin XCBuildConfiguration section */
		456F690F1975C56300BC9DD8 /* Debug */ = {
			isa = XCBuildConfiguration;
			buildSettings = {
				ALWAYS_SEARCH_USER_PATHS = NO;
				CLANG_CXX_LANGUAGE_STANDARD = "gnu++0x";
				CLANG_CXX_LIBRARY = "libc++";
				CLANG_ENABLE_MODULES = YES;
				CLANG_ENABLE_OBJC_ARC = YES;
				CLANG_WARN_BOOL_CONVERSION = YES;
				CLANG_WARN_CONSTANT_CONVERSION = YES;
				CLANG_WARN_DIRECT_OBJC_ISA_USAGE = YES_ERROR;
				CLANG_WARN_EMPTY_BODY = YES;
				CLANG_WARN_ENUM_CONVERSION = YES;
				CLANG_WARN_INT_CONVERSION = YES;
				CLANG_WARN_OBJC_ROOT_CLASS = YES_ERROR;
				CLANG_WARN_UNREACHABLE_CODE = YES;
				CLANG_WARN__DUPLICATE_METHOD_MATCH = YES;
				"CODE_SIGN_IDENTITY[sdk=iphoneos*]" = "iPhone Developer";
				COPY_PHASE_STRIP = NO;
				ENABLE_STRICT_OBJC_MSGSEND = YES;
				GCC_C_LANGUAGE_STANDARD = gnu99;
				GCC_DYNAMIC_NO_PIC = NO;
				GCC_OPTIMIZATION_LEVEL = 0;
				GCC_PREPROCESSOR_DEFINITIONS = (
					"DEBUG=1",
					"$(inherited)",
				);
				GCC_SYMBOLS_PRIVATE_EXTERN = NO;
				GCC_WARN_64_TO_32_BIT_CONVERSION = YES;
				GCC_WARN_ABOUT_RETURN_TYPE = YES_ERROR;
				GCC_WARN_UNDECLARED_SELECTOR = YES;
				GCC_WARN_UNINITIALIZED_AUTOS = YES_AGGRESSIVE;
				GCC_WARN_UNUSED_FUNCTION = YES;
				GCC_WARN_UNUSED_VARIABLE = YES;
				IPHONEOS_DEPLOYMENT_TARGET = 8.0;
				METAL_ENABLE_DEBUG_INFO = YES;
				ONLY_ACTIVE_ARCH = YES;
				SDKROOT = iphoneos;
				SWIFT_OPTIMIZATION_LEVEL = "-Onone";
			};
			name = Debug;
		};
		456F69101975C56300BC9DD8 /* Release */ = {
			isa = XCBuildConfiguration;
			buildSettings = {
				ALWAYS_SEARCH_USER_PATHS = NO;
				CLANG_CXX_LANGUAGE_STANDARD = "gnu++0x";
				CLANG_CXX_LIBRARY = "libc++";
				CLANG_ENABLE_MODULES = YES;
				CLANG_ENABLE_OBJC_ARC = YES;
				CLANG_WARN_BOOL_CONVERSION = YES;
				CLANG_WARN_CONSTANT_CONVERSION = YES;
				CLANG_WARN_DIRECT_OBJC_ISA_USAGE = YES_ERROR;
				CLANG_WARN_EMPTY_BODY = YES;
				CLANG_WARN_ENUM_CONVERSION = YES;
				CLANG_WARN_INT_CONVERSION = YES;
				CLANG_WARN_OBJC_ROOT_CLASS = YES_ERROR;
				CLANG_WARN_UNREACHABLE_CODE = YES;
				CLANG_WARN__DUPLICATE_METHOD_MATCH = YES;
				"CODE_SIGN_IDENTITY[sdk=iphoneos*]" = "iPhone Developer";
				COPY_PHASE_STRIP = YES;
				ENABLE_NS_ASSERTIONS = NO;
				ENABLE_STRICT_OBJC_MSGSEND = YES;
				GCC_C_LANGUAGE_STANDARD = gnu99;
				GCC_WARN_64_TO_32_BIT_CONVERSION = YES;
				GCC_WARN_ABOUT_RETURN_TYPE = YES_ERROR;
				GCC_WARN_UNDECLARED_SELECTOR = YES;
				GCC_WARN_UNINITIALIZED_AUTOS = YES_AGGRESSIVE;
				GCC_WARN_UNUSED_FUNCTION = YES;
				GCC_WARN_UNUSED_VARIABLE = YES;
				IPHONEOS_DEPLOYMENT_TARGET = 8.0;
				METAL_ENABLE_DEBUG_INFO = NO;
				SDKROOT = iphoneos;
				VALIDATE_PRODUCT = YES;
			};
			name = Release;
		};
		456F69121975C56300BC9DD8 /* Debug */ = {
			isa = XCBuildConfiguration;
			buildSettings = {
				ASSETCATALOG_COMPILER_APPICON_NAME = AppIcon;
				ASSETCATALOG_COMPILER_LAUNCHIMAGE_NAME = LaunchImage;
				INFOPLIST_FILE = CandyCrush/Info.plist;
				LD_RUNPATH_SEARCH_PATHS = "$(inherited) @executable_path/Frameworks";
				PRODUCT_NAME = "$(TARGET_NAME)";
			};
			name = Debug;
		};
		456F69131975C56300BC9DD8 /* Release */ = {
			isa = XCBuildConfiguration;
			buildSettings = {
				ASSETCATALOG_COMPILER_APPICON_NAME = AppIcon;
				ASSETCATALOG_COMPILER_LAUNCHIMAGE_NAME = LaunchImage;
				INFOPLIST_FILE = CandyCrush/Info.plist;
				LD_RUNPATH_SEARCH_PATHS = "$(inherited) @executable_path/Frameworks";
				PRODUCT_NAME = "$(TARGET_NAME)";
			};
			name = Release;
		};
		456F69151975C56300BC9DD8 /* Debug */ = {
			isa = XCBuildConfiguration;
			buildSettings = {
				BUNDLE_LOADER = "$(BUILT_PRODUCTS_DIR)/CandyCrush.app/CandyCrush";
				FRAMEWORK_SEARCH_PATHS = (
					"$(SDKROOT)/Developer/Library/Frameworks",
					"$(inherited)",
				);
				GCC_PREPROCESSOR_DEFINITIONS = (
					"DEBUG=1",
					"$(inherited)",
				);
				INFOPLIST_FILE = CandyCrushTests/Info.plist;
				LD_RUNPATH_SEARCH_PATHS = "$(inherited) @executable_path/Frameworks @loader_path/Frameworks";
				METAL_ENABLE_DEBUG_INFO = YES;
				PRODUCT_NAME = "$(TARGET_NAME)";
				TEST_HOST = "$(BUNDLE_LOADER)";
			};
			name = Debug;
		};
		456F69161975C56300BC9DD8 /* Release */ = {
			isa = XCBuildConfiguration;
			buildSettings = {
				BUNDLE_LOADER = "$(BUILT_PRODUCTS_DIR)/CandyCrush.app/CandyCrush";
				FRAMEWORK_SEARCH_PATHS = (
					"$(SDKROOT)/Developer/Library/Frameworks",
					"$(inherited)",
				);
				INFOPLIST_FILE = CandyCrushTests/Info.plist;
				LD_RUNPATH_SEARCH_PATHS = "$(inherited) @executable_path/Frameworks @loader_path/Frameworks";
				METAL_ENABLE_DEBUG_INFO = NO;
				PRODUCT_NAME = "$(TARGET_NAME)";
				TEST_HOST = "$(BUNDLE_LOADER)";
			};
			name = Release;
		};
/* End XCBuildConfiguration section */

/* Begin XCConfigurationList section */
		456F68EC1975C56200BC9DD8 /* Build configuration list for PBXProject "CandyCrush" */ = {
			isa = XCConfigurationList;
			buildConfigurations = (
				456F690F1975C56300BC9DD8 /* Debug */,
				456F69101975C56300BC9DD8 /* Release */,
			);
			defaultConfigurationIsVisible = 0;
			defaultConfigurationName = Release;
		};
		456F69111975C56300BC9DD8 /* Build configuration list for PBXNativeTarget "CandyCrush" */ = {
			isa = XCConfigurationList;
			buildConfigurations = (
				456F69121975C56300BC9DD8 /* Debug */,
				456F69131975C56300BC9DD8 /* Release */,
			);
			defaultConfigurationIsVisible = 0;
		};
		456F69141975C56300BC9DD8 /* Build configuration list for PBXNativeTarget "CandyCrushTests" */ = {
			isa = XCConfigurationList;
			buildConfigurations = (
				456F69151975C56300BC9DD8 /* Debug */,
				456F69161975C56300BC9DD8 /* Release */,
			);
			defaultConfigurationIsVisible = 0;
		};
/* End XCConfigurationList section */
	};
	rootObject = 456F68E91975C56200BC9DD8 /* Project object */;
}
